
Microsoft Visual Studio Solution File, Format Version 12.00
# Visual Studio 15
Project("{FAE04EC0-301F-11D3-BF4B-00C04F79EFBC}") = "AppDuolingoClone.Android", "AppDuolingoClone.Android\AppDuolingoClone.Android.csproj", "{55A970EB-42BD-46E4-97E3-B2A7C6AD76C8}"
EndProject
Project("{FAE04EC0-301F-11D3-BF4B-00C04F79EFBC}") = "AppDuolingoClone.iOS", "AppDuolingoClone.iOS\AppDuolingoClone.iOS.csproj", "{B12945FC-7908-4FC5-ABCB-3517F2C95F97}"
EndProject
Project("{FAE04EC0-301F-11D3-BF4B-00C04F79EFBC}") = "AppDuolingoClone", "AppDuolingoClone\AppDuolingoClone.csproj", "{712650CC-0682-4370-AF12-95C85AE498DF}"
EndProject
Global
	GlobalSection(SolutionConfigurationPlatforms) = preSolution
		Debug|Any CPU = Debug|Any CPU
		Release|Any CPU = Release|Any CPU
		Debug|iPhoneSimulator = Debug|iPhoneSimulator
		Release|iPhoneSimulator = Release|iPhoneSimulator
		Debug|iPhone = Debug|iPhone
		Release|iPhone = Release|iPhone
	EndGlobalSection
	GlobalSection(ProjectConfigurationPlatforms) = postSolution
		{55A970EB-42BD-46E4-97E3-B2A7C6AD76C8}.Debug|Any CPU.ActiveCfg = Debug|Any CPU
		{55A970EB-42BD-46E4-97E3-B2A7C6AD76C8}.Debug|Any CPU.Build.0 = Debug|Any CPU
		{55A970EB-42BD-46E4-97E3-B2A7C6AD76C8}.Release|Any CPU.ActiveCfg = Release|Any CPU
		{55A970EB-42BD-46E4-97E3-B2A7C6AD76C8}.Release|Any CPU.Build.0 = Release|Any CPU
		{55A970EB-42BD-46E4-97E3-B2A7C6AD76C8}.Debug|iPhoneSimulator.ActiveCfg = Debug|Any CPU
		{55A970EB-42BD-46E4-97E3-B2A7C6AD76C8}.Debug|iPhoneSimulator.Build.0 = Debug|Any CPU
		{55A970EB-42BD-46E4-97E3-B2A7C6AD76C8}.Release|iPhoneSimulator.ActiveCfg = Release|Any CPU
		{55A970EB-42BD-46E4-97E3-B2A7C6AD76C8}.Release|iPhoneSimulator.Build.0 = Release|Any CPU
		{55A970EB-42BD-46E4-97E3-B2A7C6AD76C8}.Debug|iPhone.ActiveCfg = Debug|Any CPU
		{55A970EB-42BD-46E4-97E3-B2A7C6AD76C8}.Debug|iPhone.Build.0 = Debug|Any CPU
		{55A970EB-42BD-46E4-97E3-B2A7C6AD76C8}.Release|iPhone.ActiveCfg = Release|Any CPU
		{55A970EB-42BD-46E4-97E3-B2A7C6AD76C8}.Release|iPhone.Build.0 = Release|Any CPU
		{B12945FC-7908-4FC5-ABCB-3517F2C95F97}.Debug|Any CPU.ActiveCfg = Debug|iPhoneSimulator
		{B12945FC-7908-4FC5-ABCB-3517F2C95F97}.Debug|Any CPU.Build.0 = Debug|iPhoneSimulator
		{B12945FC-7908-4FC5-ABCB-3517F2C95F97}.Release|Any CPU.ActiveCfg = Release|iPhoneSimulator
		{B12945FC-7908-4FC5-ABCB-3517F2C95F97}.Release|Any CPU.Build.0 = Release|iPhoneSimulator
		{B12945FC-7908-4FC5-ABCB-3517F2C95F97}.Debug|iPhoneSimulator.ActiveCfg = Debug|iPhoneSimulator
		{B12945FC-7908-4FC5-ABCB-3517F2C95F97}.Debug|iPhoneSimulator.Build.0 = Debug|iPhoneSimulator
		{B12945FC-7908-4FC5-ABCB-3517F2C95F97}.Release|iPhoneSimulator.ActiveCfg = Release|iPhoneSimulator
		{B12945FC-7908-4FC5-ABCB-3517F2C95F97}.Release|iPhoneSimulator.Build.0 = Release|iPhoneSimulator
		{B12945FC-7908-4FC5-ABCB-3517F2C95F97}.Debug|iPhone.ActiveCfg = Debug|iPhone
		{B12945FC-7908-4FC5-ABCB-3517F2C95F97}.Debug|iPhone.Build.0 = Debug|iPhone
		{B12945FC-7908-4FC5-ABCB-3517F2C95F97}.Release|iPhone.ActiveCfg = Release|iPhone
		{B12945FC-7908-4FC5-ABCB-3517F2C95F97}.Release|iPhone.Build.0 = Release|iPhone
		{712650CC-0682-4370-AF12-95C85AE498DF}.Debug|Any CPU.ActiveCfg = Debug|Any CPU
		{712650CC-0682-4370-AF12-95C85AE498DF}.Debug|Any CPU.Build.0 = Debug|Any CPU
		{712650CC-0682-4370-AF12-95C85AE498DF}.Release|Any CPU.ActiveCfg = Release|Any CPU
		{712650CC-0682-4370-AF12-95C85AE498DF}.Release|Any CPU.Build.0 = Release|Any CPU
		{712650CC-0682-4370-AF12-95C85AE498DF}.Debug|iPhoneSimulator.ActiveCfg = Debug|Any CPU
		{712650CC-0682-4370-AF12-95C85AE498DF}.Debug|iPhoneSimulator.Build.0 = Debug|Any CPU
		{712650CC-0682-4370-AF12-95C85AE498DF}.Release|iPhoneSimulator.ActiveCfg = Release|Any CPU
		{712650CC-0682-4370-AF12-95C85AE498DF}.Release|iPhoneSimulator.Build.0 = Release|Any CPU
		{712650CC-0682-4370-AF12-95C85AE498DF}.Debug|iPhone.ActiveCfg = Debug|Any CPU
		{712650CC-0682-4370-AF12-95C85AE498DF}.Debug|iPhone.Build.0 = Debug|Any CPU
		{712650CC-0682-4370-AF12-95C85AE498DF}.Release|iPhone.ActiveCfg = Release|Any CPU
		{712650CC-0682-4370-AF12-95C85AE498DF}.Release|iPhone.Build.0 = Release|Any CPU
	EndGlobalSection
EndGlobal
